
Microsoft Visual Studio Solution File, Format Version 12.00
# Visual Studio Version 16
VisualStudioVersion = 16.0.29324.140
MinimumVisualStudioVersion = 10.0.40219.1
Project("{9A19103F-16F7-4668-BE54-9A1E7A4F7556}") = "Automation.Framework", "Automation.Framework\Automation.Framework.csproj", "{D14F14CE-4FF9-4F08-BE75-959901EEBA7C}"
EndProject
Project("{FAE04EC0-301F-11D3-BF4B-00C04F79EFBC}") = "Automation.Framework.Test", "Automation.Framework.Test\Automation.Framework.Test.csproj", "{303377C6-5A9A-4F93-878B-93EB96CDEB06}"
EndProject
Global
	GlobalSection(SolutionConfigurationPlatforms) = preSolution
		Debug|Any CPU = Debug|Any CPU
		Release|Any CPU = Release|Any CPU
	EndGlobalSection
	GlobalSection(ProjectConfigurationPlatforms) = postSolution
		{D14F14CE-4FF9-4F08-BE75-959901EEBA7C}.Debug|Any CPU.ActiveCfg = Debug|Any CPU
		{D14F14CE-4FF9-4F08-BE75-959901EEBA7C}.Debug|Any CPU.Build.0 = Debug|Any CPU
		{D14F14CE-4FF9-4F08-BE75-959901EEBA7C}.Release|Any CPU.ActiveCfg = Release|Any CPU
		{D14F14CE-4FF9-4F08-BE75-959901EEBA7C}.Release|Any CPU.Build.0 = Release|Any CPU
		{303377C6-5A9A-4F93-878B-93EB96CDEB06}.Debug|Any CPU.ActiveCfg = Debug|Any CPU
		{303377C6-5A9A-4F93-878B-93EB96CDEB06}.Debug|Any CPU.Build.0 = Debug|Any CPU
		{303377C6-5A9A-4F93-878B-93EB96CDEB06}.Release|Any CPU.ActiveCfg = Release|Any CPU
		{303377C6-5A9A-4F93-878B-93EB96CDEB06}.Release|Any CPU.Build.0 = Release|Any CPU
	EndGlobalSection
	GlobalSection(SolutionProperties) = preSolution
		HideSolutionNode = FALSE
	EndGlobalSection
	GlobalSection(ExtensibilityGlobals) = postSolution
		SolutionGuid = {E23E8526-423B-4521-A9E0-BE2006042501}
	EndGlobalSection
EndGlobal
